
Microsoft Visual Studio Solution File, Format Version 12.00
# Visual Studio Version 17
VisualStudioVersion = 17.5.33424.131
MinimumVisualStudioVersion = 10.0.40219.1
Project("{FAE04EC0-301F-11D3-BF4B-00C04F79EFBC}") = "CountryTatilKöyü", "CountryDinlenmeTesisleri\CountryTatilKöyü.csproj", "{47356E18-90D1-4153-A24F-DD129F791D95}"
EndProject
Global
	GlobalSection(SolutionConfigurationPlatforms) = preSolution
		Debug|Any CPU = Debug|Any CPU
		Release|Any CPU = Release|Any CPU
	EndGlobalSection
	GlobalSection(ProjectConfigurationPlatforms) = postSolution
		{47356E18-90D1-4153-A24F-DD129F791D95}.Debug|Any CPU.ActiveCfg = Debug|Any CPU
		{47356E18-90D1-4153-A24F-DD129F791D95}.Debug|Any CPU.Build.0 = Debug|Any CPU
		{47356E18-90D1-4153-A24F-DD129F791D95}.Release|Any CPU.ActiveCfg = Release|Any CPU
		{47356E18-90D1-4153-A24F-DD129F791D95}.Release|Any CPU.Build.0 = Release|Any CPU
	EndGlobalSection
	GlobalSection(SolutionProperties) = preSolution
		HideSolutionNode = FALSE
	EndGlobalSection
	GlobalSection(ExtensibilityGlobals) = postSolution
		SolutionGuid = {DFB908F3-F1CF-4C46-8DE2-096501016AF9}
	EndGlobalSection
EndGlobal
